
Microsoft Visual Studio Solution File, Format Version 12.00
# Visual Studio Version 16
VisualStudioVersion = 16.0.31105.61
MinimumVisualStudioVersion = 10.0.40219.1
Project("{FAE04EC0-301F-11D3-BF4B-00C04F79EFBC}") = "SumConsecutives", "SumConsecutives\SumConsecutives.csproj", "{928CCEFF-8A81-4261-8511-CA4FA5543502}"
EndProject
Global
	GlobalSection(SolutionConfigurationPlatforms) = preSolution
		Debug|Any CPU = Debug|Any CPU
		Release|Any CPU = Release|Any CPU
	EndGlobalSection
	GlobalSection(ProjectConfigurationPlatforms) = postSolution
		{928CCEFF-8A81-4261-8511-CA4FA5543502}.Debug|Any CPU.ActiveCfg = Debug|Any CPU
		{928CCEFF-8A81-4261-8511-CA4FA5543502}.Debug|Any CPU.Build.0 = Debug|Any CPU
		{928CCEFF-8A81-4261-8511-CA4FA5543502}.Release|Any CPU.ActiveCfg = Release|Any CPU
		{928CCEFF-8A81-4261-8511-CA4FA5543502}.Release|Any CPU.Build.0 = Release|Any CPU
	EndGlobalSection
	GlobalSection(SolutionProperties) = preSolution
		HideSolutionNode = FALSE
	EndGlobalSection
	GlobalSection(ExtensibilityGlobals) = postSolution
		SolutionGuid = {437FDBB8-A0CD-4E72-AA7E-94A7E7DA6498}
	EndGlobalSection
EndGlobal
